
Microsoft Visual Studio Solution File, Format Version 12.00
# Visual Studio 15
VisualStudioVersion = 15.0.28307.539
MinimumVisualStudioVersion = 10.0.40219.1
Project("{FAE04EC0-301F-11D3-BF4B-00C04F79EFBC}") = "LIB_NetCoreClassLibrary", "LIB_NetCoreClassLibrary\LIB_NetCoreClassLibrary.csproj", "{F4BF0CDE-40DC-4B60-8909-BE94E924A4D5}"
EndProject
Global
	GlobalSection(SolutionConfigurationPlatforms) = preSolution
		Debug|Any CPU = Debug|Any CPU
		Release|Any CPU = Release|Any CPU
	EndGlobalSection
	GlobalSection(ProjectConfigurationPlatforms) = postSolution
		{F4BF0CDE-40DC-4B60-8909-BE94E924A4D5}.Debug|Any CPU.ActiveCfg = Debug|Any CPU
		{F4BF0CDE-40DC-4B60-8909-BE94E924A4D5}.Debug|Any CPU.Build.0 = Debug|Any CPU
		{F4BF0CDE-40DC-4B60-8909-BE94E924A4D5}.Release|Any CPU.ActiveCfg = Release|Any CPU
		{F4BF0CDE-40DC-4B60-8909-BE94E924A4D5}.Release|Any CPU.Build.0 = Release|Any CPU
	EndGlobalSection
	GlobalSection(SolutionProperties) = preSolution
		HideSolutionNode = FALSE
	EndGlobalSection
	GlobalSection(ExtensibilityGlobals) = postSolution
		SolutionGuid = {99BDBEB1-F14F-41B9-B2AC-D397591E05CF}
	EndGlobalSection
EndGlobal
