
Microsoft Visual Studio Solution File, Format Version 12.00
# Visual Studio 15
VisualStudioVersion = 15.0.28307.539
MinimumVisualStudioVersion = 10.0.40219.1
Project("{FAE04EC0-301F-11D3-BF4B-00C04F79EFBC}") = "UWPApp_TemplateStudio_CodeBehind", "UWPApp_TemplateStudio_CodeBehind\UWPApp_TemplateStudio_CodeBehind.csproj", "{5BBE0879-A713-45B0-92B7-D84966ECE28E}"
EndProject
Project("{9A19103F-16F7-4668-BE54-9A1E7A4F7556}") = "UWPApp_TemplateStudio_CodeBehind.Core", "UWPApp_TemplateStudio_CodeBehind.Core\UWPApp_TemplateStudio_CodeBehind.Core.csproj", "{30CEE4D2-7C73-4E38-BAEA-6A282421CF68}"
EndProject
Global
	GlobalSection(SolutionConfigurationPlatforms) = preSolution
		Debug|Any CPU = Debug|Any CPU
		Debug|ARM = Debug|ARM
		Debug|x64 = Debug|x64
		Debug|x86 = Debug|x86
		Release|Any CPU = Release|Any CPU
		Release|ARM = Release|ARM
		Release|x64 = Release|x64
		Release|x86 = Release|x86
	EndGlobalSection
	GlobalSection(ProjectConfigurationPlatforms) = postSolution
		{5BBE0879-A713-45B0-92B7-D84966ECE28E}.Debug|Any CPU.ActiveCfg = Debug|x86
		{5BBE0879-A713-45B0-92B7-D84966ECE28E}.Debug|ARM.ActiveCfg = Debug|ARM
		{5BBE0879-A713-45B0-92B7-D84966ECE28E}.Debug|ARM.Build.0 = Debug|ARM
		{5BBE0879-A713-45B0-92B7-D84966ECE28E}.Debug|ARM.Deploy.0 = Debug|ARM
		{5BBE0879-A713-45B0-92B7-D84966ECE28E}.Debug|x64.ActiveCfg = Debug|x64
		{5BBE0879-A713-45B0-92B7-D84966ECE28E}.Debug|x64.Build.0 = Debug|x64
		{5BBE0879-A713-45B0-92B7-D84966ECE28E}.Debug|x64.Deploy.0 = Debug|x64
		{5BBE0879-A713-45B0-92B7-D84966ECE28E}.Debug|x86.ActiveCfg = Debug|x86
		{5BBE0879-A713-45B0-92B7-D84966ECE28E}.Debug|x86.Build.0 = Debug|x86
		{5BBE0879-A713-45B0-92B7-D84966ECE28E}.Debug|x86.Deploy.0 = Debug|x86
		{5BBE0879-A713-45B0-92B7-D84966ECE28E}.Release|Any CPU.ActiveCfg = Release|x86
		{5BBE0879-A713-45B0-92B7-D84966ECE28E}.Release|ARM.ActiveCfg = Release|ARM
		{5BBE0879-A713-45B0-92B7-D84966ECE28E}.Release|ARM.Build.0 = Release|ARM
		{5BBE0879-A713-45B0-92B7-D84966ECE28E}.Release|ARM.Deploy.0 = Release|ARM
		{5BBE0879-A713-45B0-92B7-D84966ECE28E}.Release|x64.ActiveCfg = Release|x64
		{5BBE0879-A713-45B0-92B7-D84966ECE28E}.Release|x64.Build.0 = Release|x64
		{5BBE0879-A713-45B0-92B7-D84966ECE28E}.Release|x64.Deploy.0 = Release|x64
		{5BBE0879-A713-45B0-92B7-D84966ECE28E}.Release|x86.ActiveCfg = Release|x86
		{5BBE0879-A713-45B0-92B7-D84966ECE28E}.Release|x86.Build.0 = Release|x86
		{5BBE0879-A713-45B0-92B7-D84966ECE28E}.Release|x86.Deploy.0 = Release|x86
		{30CEE4D2-7C73-4E38-BAEA-6A282421CF68}.Debug|Any CPU.ActiveCfg = Debug|Any CPU
		{30CEE4D2-7C73-4E38-BAEA-6A282421CF68}.Debug|Any CPU.Build.0 = Debug|Any CPU
		{30CEE4D2-7C73-4E38-BAEA-6A282421CF68}.Debug|ARM.ActiveCfg = Debug|Any CPU
		{30CEE4D2-7C73-4E38-BAEA-6A282421CF68}.Debug|ARM.Build.0 = Debug|Any CPU
		{30CEE4D2-7C73-4E38-BAEA-6A282421CF68}.Debug|x64.ActiveCfg = Debug|Any CPU
		{30CEE4D2-7C73-4E38-BAEA-6A282421CF68}.Debug|x64.Build.0 = Debug|Any CPU
		{30CEE4D2-7C73-4E38-BAEA-6A282421CF68}.Debug|x86.ActiveCfg = Debug|Any CPU
		{30CEE4D2-7C73-4E38-BAEA-6A282421CF68}.Debug|x86.Build.0 = Debug|Any CPU
		{30CEE4D2-7C73-4E38-BAEA-6A282421CF68}.Release|Any CPU.ActiveCfg = Release|Any CPU
		{30CEE4D2-7C73-4E38-BAEA-6A282421CF68}.Release|Any CPU.Build.0 = Release|Any CPU
		{30CEE4D2-7C73-4E38-BAEA-6A282421CF68}.Release|ARM.ActiveCfg = Release|Any CPU
		{30CEE4D2-7C73-4E38-BAEA-6A282421CF68}.Release|ARM.Build.0 = Release|Any CPU
		{30CEE4D2-7C73-4E38-BAEA-6A282421CF68}.Release|x64.ActiveCfg = Release|Any CPU
		{30CEE4D2-7C73-4E38-BAEA-6A282421CF68}.Release|x64.Build.0 = Release|Any CPU
		{30CEE4D2-7C73-4E38-BAEA-6A282421CF68}.Release|x86.ActiveCfg = Release|Any CPU
		{30CEE4D2-7C73-4E38-BAEA-6A282421CF68}.Release|x86.Build.0 = Release|Any CPU
	EndGlobalSection
	GlobalSection(SolutionProperties) = preSolution
		HideSolutionNode = FALSE
	EndGlobalSection
	GlobalSection(ExtensibilityGlobals) = postSolution
		SolutionGuid = {CC0A7ADB-542A-49E4-8E1B-1795CA0FB002}
	EndGlobalSection
EndGlobal
